<?xml version="1.0" encoding="utf-8"?>
<Project ToolsVersion="4.0" xmlns="http://schemas.microsoft.com/developer/msbuild/2003">
  <ItemGroup>
    <Filter Include="Fichiers sources">
      <UniqueIdentifier>{4FC737F1-C7A5-4376-A066-2A32D752A2FF}</UniqueIdentifier>
      <Extensions>cpp;c;cc;cxx;def;odl;idl;hpj;bat;asm;asmx</Extensions>
    </Filter>
    <Filter Include="Fichiers d%27en-tête">
      <UniqueIdentifier>{93995380-89BD-4b04-88EB-625FBE52EBFB}</UniqueIdentifier>
      <Extensions>h;hh;hpp;hxx;hm;inl;inc;ipp;xsd</Extensions>
    </Filter>
    <Filter Include="Fichiers de ressources">
      <UniqueIdentifier>{67DA6AB6-F800-4c08-8B7A-83BB121AAD01}</UniqueIdentifier>
      <Extensions>rc;ico;cur;bmp;dlg;rc2;rct;bin;rgs;gif;jpg;jpeg;jpe;resx;tiff;tif;png;wav;mfcribbon-ms</Extensions>
    </Filter>
    <Filter Include="Fichiers sources\Textures">
      <UniqueIdentifier>{6bd46a73-f49c-4889-bdef-679d946cf335}</UniqueIdentifier>
    </Filter>
    <Filter Include="Fichiers sources\Animations_SpriteSheet">
      <UniqueIdentifier>{16bba656-0945-4246-a869-6935a124e034}</UniqueIdentifier>
    </Filter>
    <Filter Include="Fichiers sources\Sound">
      <UniqueIdentifier>{229b5499-0727-4a3e-844c-441559394a80}</UniqueIdentifier>
    </Filter>
  </ItemGroup>
  <ItemGroup>
    <ClInclude Include="pch.h">
      <Filter>Fichiers d%27en-tête</Filter>
    </ClInclude>
    <ClInclude Include="Lib.hpp">
      <Filter>Fichiers d%27en-tête</Filter>
    </ClInclude>
    <ClInclude Include="Entity.hpp">
      <Filter>Fichiers d%27en-tête</Filter>
    </ClInclude>
    <ClInclude Include="Projectile.hpp">
      <Filter>Fichiers d%27en-tête</Filter>
    </ClInclude>
    <ClInclude Include="Anims.hpp">
      <Filter>Fichiers d%27en-tête</Filter>
    </ClInclude>
    <ClInclude Include="Particle.hpp">
      <Filter>Fichiers d%27en-tête</Filter>
    </ClInclude>
  </ItemGroup>
  <ItemGroup>
    <ClCompile Include="pch.cpp">
      <Filter>Fichiers sources</Filter>
    </ClCompile>
    <ClCompile Include="App.cpp">
      <Filter>Fichiers sources</Filter>
    </ClCompile>
    <ClCompile Include="Lib.cpp">
      <Filter>Fichiers sources</Filter>
    </ClCompile>
    <ClCompile Include="Entity.cpp">
      <Filter>Fichiers sources</Filter>
    </ClCompile>
    <ClCompile Include="Projectile.cpp">
      <Filter>Fichiers sources</Filter>
    </ClCompile>
    <ClCompile Include="Anims.cpp">
      <Filter>Fichiers sources</Filter>
    </ClCompile>
  </ItemGroup>
  <ItemGroup>
    <Image Include="Textures\B_Button.png">
      <Filter>Fichiers sources\Textures</Filter>
    </Image>
    <Image Include="Textures\A_Button.png">
      <Filter>Fichiers sources\Textures</Filter>
    </Image>
    <Image Include="Textures\wall.png">
      <Filter>Fichiers sources\Textures</Filter>
    </Image>
    <Image Include="Textures\Background.png">
      <Filter>Fichiers sources\Textures</Filter>
    </Image>
    <Image Include="Textures\bullet1.png">
      <Filter>Fichiers sources\Textures</Filter>
    </Image>
    <Image Include="Textures\bullet2.png">
      <Filter>Fichiers sources\Textures</Filter>
    </Image>
    <Image Include="Textures\Blue tank -canon.png">
      <Filter>Fichiers sources\Textures</Filter>
    </Image>
    <Image Include="Textures\Canon Bleu.png">
      <Filter>Fichiers sources\Textures</Filter>
    </Image>
    <Image Include="Textures\Canon Rouge.png">
      <Filter>Fichiers sources\Textures</Filter>
    </Image>
    <Image Include="Textures\Red tank -canon.png">
      <Filter>Fichiers sources\Textures</Filter>
    </Image>
    <Image Include="Animation SpriteSheet\Big_Hit.png">
      <Filter>Fichiers sources\Animations_SpriteSheet</Filter>
    </Image>
    <Image Include="Animation SpriteSheet\Explosion.png">
      <Filter>Fichiers sources\Animations_SpriteSheet</Filter>
    </Image>
    <Image Include="Animation SpriteSheet\Medium_Hit.png">
      <Filter>Fichiers sources\Animations_SpriteSheet</Filter>
    </Image>
    <Image Include="Animation SpriteSheet\Shot_Star.png">
      <Filter>Fichiers sources\Animations_SpriteSheet</Filter>
    </Image>
    <Image Include="Animation SpriteSheet\Shot_Thunder.png">
      <Filter>Fichiers sources\Animations_SpriteSheet</Filter>
    </Image>
    <Image Include="Animation SpriteSheet\Small_Hit.png">
      <Filter>Fichiers sources\Animations_SpriteSheet</Filter>
    </Image>
    <Image Include="Textures\Smoke.png">
      <Filter>Fichiers sources\Textures</Filter>
    </Image>
    <Image Include="Textures\Wall_Cube.jpg">
      <Filter>Fichiers sources\Textures</Filter>
    </Image>
    <Image Include="Textures\wood_Crate.jpg">
      <Filter>Fichiers sources\Textures</Filter>
    </Image>
    <Image Include="Textures\Burned.png">
      <Filter>Fichiers sources\Textures</Filter>
    </Image>
    <Image Include="Textures\Beacon.png">
      <Filter>Fichiers sources\Textures</Filter>
    </Image>
  </ItemGroup>
  <ItemGroup>
    <Media Include="Sound\BGM.wav">
      <Filter>Fichiers sources\Sound</Filter>
    </Media>
    <Media Include="Sound\Bounce.wav">
      <Filter>Fichiers sources\Sound</Filter>
    </Media>
    <Media Include="Sound\Explosion.wav">
      <Filter>Fichiers sources\Sound</Filter>
    </Media>
    <Media Include="Sound\Hit.wav">
      <Filter>Fichiers sources\Sound</Filter>
    </Media>
    <Media Include="Sound\Shot1.wav">
      <Filter>Fichiers sources\Sound</Filter>
    </Media>
    <Media Include="Sound\Shot2.wav">
      <Filter>Fichiers sources\Sound</Filter>
    </Media>
  </ItemGroup>
</Project>